
Microsoft Visual Studio Solution File, Format Version 12.00
# Visual Studio 15
VisualStudioVersion = 15.0.27428.2037
MinimumVisualStudioVersion = 10.0.40219.1
Project("{FAE04EC0-301F-11D3-BF4B-00C04F79EFBC}") = "Akqa", "Akqa\Akqa.csproj", "{7CC17980-42BE-4FEF-B808-EA0F07D0415F}"
EndProject
Global
	GlobalSection(SolutionConfigurationPlatforms) = preSolution
		Debug|Any CPU = Debug|Any CPU
		Release|Any CPU = Release|Any CPU
	EndGlobalSection
	GlobalSection(ProjectConfigurationPlatforms) = postSolution
		{7CC17980-42BE-4FEF-B808-EA0F07D0415F}.Debug|Any CPU.ActiveCfg = Debug|Any CPU
		{7CC17980-42BE-4FEF-B808-EA0F07D0415F}.Debug|Any CPU.Build.0 = Debug|Any CPU
		{7CC17980-42BE-4FEF-B808-EA0F07D0415F}.Release|Any CPU.ActiveCfg = Release|Any CPU
		{7CC17980-42BE-4FEF-B808-EA0F07D0415F}.Release|Any CPU.Build.0 = Release|Any CPU
	EndGlobalSection
	GlobalSection(SolutionProperties) = preSolution
		HideSolutionNode = FALSE
	EndGlobalSection
	GlobalSection(ExtensibilityGlobals) = postSolution
		SolutionGuid = {B3FA19F9-F8B8-47C7-95EE-362B54DF662D}
	EndGlobalSection
EndGlobal
